
Microsoft Visual Studio Solution File, Format Version 12.00
# Visual Studio Version 16
VisualStudioVersion = 16.0.29009.5
MinimumVisualStudioVersion = 10.0.40219.1
Project("{FAE04EC0-301F-11D3-BF4B-00C04F79EFBC}") = "Unity Networking Server", "Unity Networking Server.csproj", "{834F1B6A-6F26-4FC4-8E40-ED569307B82C}"
EndProject
Global
	GlobalSection(SolutionConfigurationPlatforms) = preSolution
		Debug|Any CPU = Debug|Any CPU
		Release|Any CPU = Release|Any CPU
	EndGlobalSection
	GlobalSection(ProjectConfigurationPlatforms) = postSolution
		{834F1B6A-6F26-4FC4-8E40-ED569307B82C}.Debug|Any CPU.ActiveCfg = Debug|Any CPU
		{834F1B6A-6F26-4FC4-8E40-ED569307B82C}.Debug|Any CPU.Build.0 = Debug|Any CPU
		{834F1B6A-6F26-4FC4-8E40-ED569307B82C}.Release|Any CPU.ActiveCfg = Release|Any CPU
		{834F1B6A-6F26-4FC4-8E40-ED569307B82C}.Release|Any CPU.Build.0 = Release|Any CPU
	EndGlobalSection
	GlobalSection(SolutionProperties) = preSolution
		HideSolutionNode = FALSE
	EndGlobalSection
	GlobalSection(ExtensibilityGlobals) = postSolution
		SolutionGuid = {9A059CC4-DD8E-4090-B03E-D3D8519D62EE}
	EndGlobalSection
EndGlobal
